{
  "meteor": {
    "git": "https://github.com/meteor/meteor.git",
    "branch": "master",
    "commit": "4d98d8cb4e5a95e9e98953f44c872c9332a042a3"
  },
  "dependencies": {
    "basePackages": {
      "bafa": {},
      "router": {},
      "select2": {},
      "keybindings": {},
      "jquery-ui": {},
      "filepicker": {}
    },
    "packages": {
      "bafa": {
        "git": "https://github.com/jackp/BAFA.git",
        "tag": "v0.3.0",
        "commit": "cf8c9b0be42b21cb0203c6d08926529c4e00b0c6"
      },
      "router": {
        "git": "https://github.com/tmeasday/meteor-router.git",
        "tag": "v0.3.5",
        "commit": "e8e63db2411204f0a6589b74dd591babbfb2da1a"
      },
      "select2": {
        "git": "https://github.com/rithis/meteor-select2",
        "tag": "v3.2.0r1",
        "commit": "9e42e96facea43712374832e88aac6b21926ac90"
      },
      "keybindings": {
        "git": "https://github.com/matteodem/meteor-keybindings.git",
        "tag": "v0.3.8",
        "commit": "7102c7329453c18c63846d74d0b51ef35a23e945"
      },
      "jquery-ui": {
        "git": "https://github.com/TimHeckel/meteor-jquery-ui.git",
        "tag": "v1.8.16",
        "commit": "abda12134b8f3c5db31d6a4864bead6aa3640358"
      },
      "filepicker": {
        "git": "https://github.com/Filepicker/meteor.git",
        "tag": "v0.2.0",
        "commit": "1ae688ad1abfbe6777c465e11a0d5287ad9e4d4a"
      },
      "page-js": {
        "git": "https://github.com/tmeasday/meteor-page-js.git",
        "tag": "v1.3.3",
        "commit": "c1e9832af3fc2b2f5139a16d93a82ca6fa0655da"
      }
    }
  }
}
